
Microsoft Visual Studio Solution File, Format Version 12.00
# Visual Studio Version 16
VisualStudioVersion = 16.0.29102.190
MinimumVisualStudioVersion = 10.0.40219.1
Project("{2150E333-8FDC-42A3-9474-1A3956D46DE8}") = "1. Presentation", "1. Presentation", "{0B2348AC-9A0B-4A0C-BC1F-15D8F1BD1868}"
EndProject
Project("{2150E333-8FDC-42A3-9474-1A3956D46DE8}") = "2. Infrastructure", "2. Infrastructure", "{CE1203B6-1E1E-47C6-9555-A87EEF6E2D85}"
EndProject
Project("{2150E333-8FDC-42A3-9474-1A3956D46DE8}") = "3. Core", "3. Core", "{A8958245-EB2D-4132-B751-9B3BDCED01DC}"
EndProject
Project("{2150E333-8FDC-42A3-9474-1A3956D46DE8}") = "99. Kernel", "99. Kernel", "{0ECCE120-9E18-4BE9-AA04-B50E15635AC8}"
EndProject
Project("{2150E333-8FDC-42A3-9474-1A3956D46DE8}") = "0. Battles", "0. Battles", "{3BCFCBCE-D976-4971-9A07-19AA6C581F43}"
EndProject
Project("{2150E333-8FDC-42A3-9474-1A3956D46DE8}") = "99. Tests", "99. Tests", "{D8294EE0-7D3D-4CB1-9823-7E903F6A5C2B}"
EndProject
Project("{9A19103F-16F7-4668-BE54-9A1E7A4F7556}") = "Pokens.Battles.Write.WebApi", "Pokens.Battles.Write.WebApi\Pokens.Battles.Write.WebApi.csproj", "{15451308-D037-4E67-A807-62020704F828}"
EndProject
Project("{9A19103F-16F7-4668-BE54-9A1E7A4F7556}") = "Pokens.Battles.Domain", "Pokens.Battles.Domain\Pokens.Battles.Domain.csproj", "{8BFCEE19-8942-49E0-8D25-EDDB11AD074F}"
EndProject
Project("{9A19103F-16F7-4668-BE54-9A1E7A4F7556}") = "Pokens.Battles.Business", "Pokens.Battles.Business\Pokens.Battles.Business.csproj", "{FCD8C51E-D20D-48D6-9C89-2035F73E25D6}"
EndProject
Project("{9A19103F-16F7-4668-BE54-9A1E7A4F7556}") = "Pomelo.Kernel.Domain", "..\Pomelo.Kernel\Pomelo.Kernel.Domain\Pomelo.Kernel.Domain.csproj", "{29DD54AD-FCBE-4913-B29D-48DADFD9C29F}"
EndProject
Project("{9A19103F-16F7-4668-BE54-9A1E7A4F7556}") = "Pomelo.Kernel.Common", "..\Pomelo.Kernel\Pomelo.Kernel.Common\Pomelo.Kernel.Common.csproj", "{0F641EB0-E33B-4786-AFEF-E76074695B7B}"
EndProject
Project("{9A19103F-16F7-4668-BE54-9A1E7A4F7556}") = "Pomelo.Kernel.EventStore", "..\Pomelo.Kernel\Pomelo.Kernel.EventStore\Pomelo.Kernel.EventStore.csproj", "{FC35C3CB-B7D7-45DB-8D84-D9FC0327FA72}"
EndProject
Project("{9A19103F-16F7-4668-BE54-9A1E7A4F7556}") = "Pomelo.Kernel.Messaging", "..\Pomelo.Kernel\Pomelo.Kernel.Messaging\Pomelo.Kernel.Messaging.csproj", "{093A42FE-D900-4238-8CEF-577B6605BF91}"
EndProject
Project("{9A19103F-16F7-4668-BE54-9A1E7A4F7556}") = "Pomelo.Kernel.Messaging.Abstractions", "..\Pomelo.Kernel\Pomelo.Kernel.Messaging.Abstractions\Pomelo.Kernel.Messaging.Abstractions.csproj", "{09842B60-9D4A-465C-9224-DA4A515FE223}"
EndProject
Project("{9A19103F-16F7-4668-BE54-9A1E7A4F7556}") = "Pomelo.Kernel.Infrastructure", "..\Pomelo.Kernel\Pomelo.Kernel.Infrastructure\Pomelo.Kernel.Infrastructure.csproj", "{A77181F8-C078-4CCF-A49C-75341EDAC98E}"
EndProject
Project("{9A19103F-16F7-4668-BE54-9A1E7A4F7556}") = "Pomelo.Kernel.Mongo", "..\Pomelo.Kernel\Pomelo.Kernel.Mongo\Pomelo.Kernel.Mongo.csproj", "{DDF40009-5CC8-4BF9-B84A-51214DDEF8AB}"
EndProject
Project("{9A19103F-16F7-4668-BE54-9A1E7A4F7556}") = "Pomelo.Kernel.DataSynchronization", "..\Pomelo.Kernel\Pomelo.Kernel.DataSynchronization\Pomelo.Kernel.DataSynchronization.csproj", "{AE534C5C-08B1-402A-A17F-69256308623A}"
EndProject
Project("{9A19103F-16F7-4668-BE54-9A1E7A4F7556}") = "Pomelo.Kernel.EntityFramework", "..\Pomelo.Kernel\Pomelo.Kernel.EntityFramework\Pomelo.Kernel.EntityFramework.csproj", "{01CAAAA4-1F9C-4736-BA42-F22AE7A66DDF}"
EndProject
Project("{2150E333-8FDC-42A3-9474-1A3956D46DE8}") = "4. Crosscutting Concerns", "4. Crosscutting Concerns", "{A74F4E25-8EF3-4225-B082-8DAA2EB0B71B}"
EndProject
Project("{9A19103F-16F7-4668-BE54-9A1E7A4F7556}") = "Pokens.Battles.Resources", "Pokens.Battles.Resources\Pokens.Battles.Resources.csproj", "{B030D6F6-6572-4920-963E-29428DE4ADA1}"
EndProject
Project("{9A19103F-16F7-4668-BE54-9A1E7A4F7556}") = "Pokens.Battles.Infrastructure", "Pokens.Battles.Infrastructure\Pokens.Battles.Infrastructure.csproj", "{72F75596-9A3A-4675-A8BA-7B5682E46887}"
EndProject
Project("{9A19103F-16F7-4668-BE54-9A1E7A4F7556}") = "Pokens.Battles.Domain.Tests", "Pokens.Battles.Domain.Tests\Pokens.Battles.Domain.Tests.csproj", "{11ED12EE-E28F-415A-83AF-F64B7FD3658E}"
EndProject
Project("{9A19103F-16F7-4668-BE54-9A1E7A4F7556}") = "Pokens.Battles.Reactors", "Pokens.Battles.Reactors\Pokens.Battles.Reactors.csproj", "{A5B9F49E-1E76-457A-8924-9608F40E0515}"
EndProject
Project("{9A19103F-16F7-4668-BE54-9A1E7A4F7556}") = "Pokens.Battles.Read.Domain", "Pokens.Battles.Read.Domain\Pokens.Battles.Read.Domain.csproj", "{5233A537-0AD5-48A2-8969-F4CFF8795B6B}"
EndProject
Project("{FAE04EC0-301F-11D3-BF4B-00C04F79EFBC}") = "Pokens.Battles.Read.WebApi", "Pokens.Battles.Read.WebApi\Pokens.Battles.Read.WebApi.csproj", "{088C6102-BF8B-4F79-B7C3-19B76CD8DE4B}"
EndProject
Global
	GlobalSection(SolutionConfigurationPlatforms) = preSolution
		Debug|Any CPU = Debug|Any CPU
		Release|Any CPU = Release|Any CPU
	EndGlobalSection
	GlobalSection(ProjectConfigurationPlatforms) = postSolution
		{15451308-D037-4E67-A807-62020704F828}.Debug|Any CPU.ActiveCfg = Debug|Any CPU
		{15451308-D037-4E67-A807-62020704F828}.Debug|Any CPU.Build.0 = Debug|Any CPU
		{15451308-D037-4E67-A807-62020704F828}.Release|Any CPU.ActiveCfg = Release|Any CPU
		{15451308-D037-4E67-A807-62020704F828}.Release|Any CPU.Build.0 = Release|Any CPU
		{8BFCEE19-8942-49E0-8D25-EDDB11AD074F}.Debug|Any CPU.ActiveCfg = Debug|Any CPU
		{8BFCEE19-8942-49E0-8D25-EDDB11AD074F}.Debug|Any CPU.Build.0 = Debug|Any CPU
		{8BFCEE19-8942-49E0-8D25-EDDB11AD074F}.Release|Any CPU.ActiveCfg = Release|Any CPU
		{8BFCEE19-8942-49E0-8D25-EDDB11AD074F}.Release|Any CPU.Build.0 = Release|Any CPU
		{FCD8C51E-D20D-48D6-9C89-2035F73E25D6}.Debug|Any CPU.ActiveCfg = Debug|Any CPU
		{FCD8C51E-D20D-48D6-9C89-2035F73E25D6}.Debug|Any CPU.Build.0 = Debug|Any CPU
		{FCD8C51E-D20D-48D6-9C89-2035F73E25D6}.Release|Any CPU.ActiveCfg = Release|Any CPU
		{FCD8C51E-D20D-48D6-9C89-2035F73E25D6}.Release|Any CPU.Build.0 = Release|Any CPU
		{29DD54AD-FCBE-4913-B29D-48DADFD9C29F}.Debug|Any CPU.ActiveCfg = Debug|Any CPU
		{29DD54AD-FCBE-4913-B29D-48DADFD9C29F}.Debug|Any CPU.Build.0 = Debug|Any CPU
		{29DD54AD-FCBE-4913-B29D-48DADFD9C29F}.Release|Any CPU.ActiveCfg = Release|Any CPU
		{29DD54AD-FCBE-4913-B29D-48DADFD9C29F}.Release|Any CPU.Build.0 = Release|Any CPU
		{0F641EB0-E33B-4786-AFEF-E76074695B7B}.Debug|Any CPU.ActiveCfg = Debug|Any CPU
		{0F641EB0-E33B-4786-AFEF-E76074695B7B}.Debug|Any CPU.Build.0 = Debug|Any CPU
		{0F641EB0-E33B-4786-AFEF-E76074695B7B}.Release|Any CPU.ActiveCfg = Release|Any CPU
		{0F641EB0-E33B-4786-AFEF-E76074695B7B}.Release|Any CPU.Build.0 = Release|Any CPU
		{FC35C3CB-B7D7-45DB-8D84-D9FC0327FA72}.Debug|Any CPU.ActiveCfg = Debug|Any CPU
		{FC35C3CB-B7D7-45DB-8D84-D9FC0327FA72}.Debug|Any CPU.Build.0 = Debug|Any CPU
		{FC35C3CB-B7D7-45DB-8D84-D9FC0327FA72}.Release|Any CPU.ActiveCfg = Release|Any CPU
		{FC35C3CB-B7D7-45DB-8D84-D9FC0327FA72}.Release|Any CPU.Build.0 = Release|Any CPU
		{093A42FE-D900-4238-8CEF-577B6605BF91}.Debug|Any CPU.ActiveCfg = Debug|Any CPU
		{093A42FE-D900-4238-8CEF-577B6605BF91}.Debug|Any CPU.Build.0 = Debug|Any CPU
		{093A42FE-D900-4238-8CEF-577B6605BF91}.Release|Any CPU.ActiveCfg = Release|Any CPU
		{093A42FE-D900-4238-8CEF-577B6605BF91}.Release|Any CPU.Build.0 = Release|Any CPU
		{09842B60-9D4A-465C-9224-DA4A515FE223}.Debug|Any CPU.ActiveCfg = Debug|Any CPU
		{09842B60-9D4A-465C-9224-DA4A515FE223}.Debug|Any CPU.Build.0 = Debug|Any CPU
		{09842B60-9D4A-465C-9224-DA4A515FE223}.Release|Any CPU.ActiveCfg = Release|Any CPU
		{09842B60-9D4A-465C-9224-DA4A515FE223}.Release|Any CPU.Build.0 = Release|Any CPU
		{A77181F8-C078-4CCF-A49C-75341EDAC98E}.Debug|Any CPU.ActiveCfg = Debug|Any CPU
		{A77181F8-C078-4CCF-A49C-75341EDAC98E}.Debug|Any CPU.Build.0 = Debug|Any CPU
		{A77181F8-C078-4CCF-A49C-75341EDAC98E}.Release|Any CPU.ActiveCfg = Release|Any CPU
		{A77181F8-C078-4CCF-A49C-75341EDAC98E}.Release|Any CPU.Build.0 = Release|Any CPU
		{DDF40009-5CC8-4BF9-B84A-51214DDEF8AB}.Debug|Any CPU.ActiveCfg = Debug|Any CPU
		{DDF40009-5CC8-4BF9-B84A-51214DDEF8AB}.Debug|Any CPU.Build.0 = Debug|Any CPU
		{DDF40009-5CC8-4BF9-B84A-51214DDEF8AB}.Release|Any CPU.ActiveCfg = Release|Any CPU
		{DDF40009-5CC8-4BF9-B84A-51214DDEF8AB}.Release|Any CPU.Build.0 = Release|Any CPU
		{AE534C5C-08B1-402A-A17F-69256308623A}.Debug|Any CPU.ActiveCfg = Debug|Any CPU
		{AE534C5C-08B1-402A-A17F-69256308623A}.Debug|Any CPU.Build.0 = Debug|Any CPU
		{AE534C5C-08B1-402A-A17F-69256308623A}.Release|Any CPU.ActiveCfg = Release|Any CPU
		{AE534C5C-08B1-402A-A17F-69256308623A}.Release|Any CPU.Build.0 = Release|Any CPU
		{01CAAAA4-1F9C-4736-BA42-F22AE7A66DDF}.Debug|Any CPU.ActiveCfg = Debug|Any CPU
		{01CAAAA4-1F9C-4736-BA42-F22AE7A66DDF}.Debug|Any CPU.Build.0 = Debug|Any CPU
		{01CAAAA4-1F9C-4736-BA42-F22AE7A66DDF}.Release|Any CPU.ActiveCfg = Release|Any CPU
		{01CAAAA4-1F9C-4736-BA42-F22AE7A66DDF}.Release|Any CPU.Build.0 = Release|Any CPU
		{B030D6F6-6572-4920-963E-29428DE4ADA1}.Debug|Any CPU.ActiveCfg = Debug|Any CPU
		{B030D6F6-6572-4920-963E-29428DE4ADA1}.Debug|Any CPU.Build.0 = Debug|Any CPU
		{B030D6F6-6572-4920-963E-29428DE4ADA1}.Release|Any CPU.ActiveCfg = Release|Any CPU
		{B030D6F6-6572-4920-963E-29428DE4ADA1}.Release|Any CPU.Build.0 = Release|Any CPU
		{72F75596-9A3A-4675-A8BA-7B5682E46887}.Debug|Any CPU.ActiveCfg = Debug|Any CPU
		{72F75596-9A3A-4675-A8BA-7B5682E46887}.Debug|Any CPU.Build.0 = Debug|Any CPU
		{72F75596-9A3A-4675-A8BA-7B5682E46887}.Release|Any CPU.ActiveCfg = Release|Any CPU
		{72F75596-9A3A-4675-A8BA-7B5682E46887}.Release|Any CPU.Build.0 = Release|Any CPU
		{11ED12EE-E28F-415A-83AF-F64B7FD3658E}.Debug|Any CPU.ActiveCfg = Debug|Any CPU
		{11ED12EE-E28F-415A-83AF-F64B7FD3658E}.Debug|Any CPU.Build.0 = Debug|Any CPU
		{11ED12EE-E28F-415A-83AF-F64B7FD3658E}.Release|Any CPU.ActiveCfg = Release|Any CPU
		{11ED12EE-E28F-415A-83AF-F64B7FD3658E}.Release|Any CPU.Build.0 = Release|Any CPU
		{A5B9F49E-1E76-457A-8924-9608F40E0515}.Debug|Any CPU.ActiveCfg = Debug|Any CPU
		{A5B9F49E-1E76-457A-8924-9608F40E0515}.Debug|Any CPU.Build.0 = Debug|Any CPU
		{A5B9F49E-1E76-457A-8924-9608F40E0515}.Release|Any CPU.ActiveCfg = Release|Any CPU
		{A5B9F49E-1E76-457A-8924-9608F40E0515}.Release|Any CPU.Build.0 = Release|Any CPU
		{5233A537-0AD5-48A2-8969-F4CFF8795B6B}.Debug|Any CPU.ActiveCfg = Debug|Any CPU
		{5233A537-0AD5-48A2-8969-F4CFF8795B6B}.Debug|Any CPU.Build.0 = Debug|Any CPU
		{5233A537-0AD5-48A2-8969-F4CFF8795B6B}.Release|Any CPU.ActiveCfg = Release|Any CPU
		{5233A537-0AD5-48A2-8969-F4CFF8795B6B}.Release|Any CPU.Build.0 = Release|Any CPU
		{088C6102-BF8B-4F79-B7C3-19B76CD8DE4B}.Debug|Any CPU.ActiveCfg = Debug|Any CPU
		{088C6102-BF8B-4F79-B7C3-19B76CD8DE4B}.Debug|Any CPU.Build.0 = Debug|Any CPU
		{088C6102-BF8B-4F79-B7C3-19B76CD8DE4B}.Release|Any CPU.ActiveCfg = Release|Any CPU
		{088C6102-BF8B-4F79-B7C3-19B76CD8DE4B}.Release|Any CPU.Build.0 = Release|Any CPU
	EndGlobalSection
	GlobalSection(SolutionProperties) = preSolution
		HideSolutionNode = FALSE
	EndGlobalSection
	GlobalSection(NestedProjects) = preSolution
		{0B2348AC-9A0B-4A0C-BC1F-15D8F1BD1868} = {3BCFCBCE-D976-4971-9A07-19AA6C581F43}
		{CE1203B6-1E1E-47C6-9555-A87EEF6E2D85} = {3BCFCBCE-D976-4971-9A07-19AA6C581F43}
		{A8958245-EB2D-4132-B751-9B3BDCED01DC} = {3BCFCBCE-D976-4971-9A07-19AA6C581F43}
		{D8294EE0-7D3D-4CB1-9823-7E903F6A5C2B} = {3BCFCBCE-D976-4971-9A07-19AA6C581F43}
		{15451308-D037-4E67-A807-62020704F828} = {0B2348AC-9A0B-4A0C-BC1F-15D8F1BD1868}
		{8BFCEE19-8942-49E0-8D25-EDDB11AD074F} = {A8958245-EB2D-4132-B751-9B3BDCED01DC}
		{FCD8C51E-D20D-48D6-9C89-2035F73E25D6} = {A8958245-EB2D-4132-B751-9B3BDCED01DC}
		{29DD54AD-FCBE-4913-B29D-48DADFD9C29F} = {0ECCE120-9E18-4BE9-AA04-B50E15635AC8}
		{0F641EB0-E33B-4786-AFEF-E76074695B7B} = {0ECCE120-9E18-4BE9-AA04-B50E15635AC8}
		{FC35C3CB-B7D7-45DB-8D84-D9FC0327FA72} = {0ECCE120-9E18-4BE9-AA04-B50E15635AC8}
		{093A42FE-D900-4238-8CEF-577B6605BF91} = {0ECCE120-9E18-4BE9-AA04-B50E15635AC8}
		{09842B60-9D4A-465C-9224-DA4A515FE223} = {0ECCE120-9E18-4BE9-AA04-B50E15635AC8}
		{A77181F8-C078-4CCF-A49C-75341EDAC98E} = {0ECCE120-9E18-4BE9-AA04-B50E15635AC8}
		{DDF40009-5CC8-4BF9-B84A-51214DDEF8AB} = {0ECCE120-9E18-4BE9-AA04-B50E15635AC8}
		{AE534C5C-08B1-402A-A17F-69256308623A} = {0ECCE120-9E18-4BE9-AA04-B50E15635AC8}
		{01CAAAA4-1F9C-4736-BA42-F22AE7A66DDF} = {0ECCE120-9E18-4BE9-AA04-B50E15635AC8}
		{A74F4E25-8EF3-4225-B082-8DAA2EB0B71B} = {3BCFCBCE-D976-4971-9A07-19AA6C581F43}
		{B030D6F6-6572-4920-963E-29428DE4ADA1} = {A74F4E25-8EF3-4225-B082-8DAA2EB0B71B}
		{72F75596-9A3A-4675-A8BA-7B5682E46887} = {CE1203B6-1E1E-47C6-9555-A87EEF6E2D85}
		{11ED12EE-E28F-415A-83AF-F64B7FD3658E} = {D8294EE0-7D3D-4CB1-9823-7E903F6A5C2B}
		{A5B9F49E-1E76-457A-8924-9608F40E0515} = {CE1203B6-1E1E-47C6-9555-A87EEF6E2D85}
		{5233A537-0AD5-48A2-8969-F4CFF8795B6B} = {A8958245-EB2D-4132-B751-9B3BDCED01DC}
		{088C6102-BF8B-4F79-B7C3-19B76CD8DE4B} = {0B2348AC-9A0B-4A0C-BC1F-15D8F1BD1868}
	EndGlobalSection
	GlobalSection(ExtensibilityGlobals) = postSolution
		SolutionGuid = {2ECE8988-FF48-4185-8C48-543F9AC74BB2}
	EndGlobalSection
EndGlobal
