
Microsoft Visual Studio Solution File, Format Version 12.00
# Visual Studio Version 16
VisualStudioVersion = 16.0.29102.190
MinimumVisualStudioVersion = 10.0.40219.1
Project("{2150E333-8FDC-42A3-9474-1A3956D46DE8}") = "1. Presentation", "1. Presentation", "{0B2348AC-9A0B-4A0C-BC1F-15D8F1BD1868}"
EndProject
Project("{2150E333-8FDC-42A3-9474-1A3956D46DE8}") = "2. Infrastructure", "2. Infrastructure", "{CE1203B6-1E1E-47C6-9555-A87EEF6E2D85}"
EndProject
Project("{2150E333-8FDC-42A3-9474-1A3956D46DE8}") = "3. Core", "3. Core", "{A8958245-EB2D-4132-B751-9B3BDCED01DC}"
EndProject
Project("{2150E333-8FDC-42A3-9474-1A3956D46DE8}") = "99. Tests", "99. Tests", "{D8294EE0-7D3D-4CB1-9823-7E903F6A5C2B}"
EndProject
Project("{9A19103F-16F7-4668-BE54-9A1E7A4F7556}") = "Pokens.Battles.Write.WebApi", "Pokens.Battles.Write.WebApi\Pokens.Battles.Write.WebApi.csproj", "{15451308-D037-4E67-A807-62020704F828}"
EndProject
Project("{9A19103F-16F7-4668-BE54-9A1E7A4F7556}") = "Pokens.Battles.Domain", "Pokens.Battles.Domain\Pokens.Battles.Domain.csproj", "{8BFCEE19-8942-49E0-8D25-EDDB11AD074F}"
EndProject
Project("{9A19103F-16F7-4668-BE54-9A1E7A4F7556}") = "Pokens.Battles.Business", "Pokens.Battles.Business\Pokens.Battles.Business.csproj", "{FCD8C51E-D20D-48D6-9C89-2035F73E25D6}"
EndProject
Project("{2150E333-8FDC-42A3-9474-1A3956D46DE8}") = "4. Crosscutting Concerns", "4. Crosscutting Concerns", "{A74F4E25-8EF3-4225-B082-8DAA2EB0B71B}"
EndProject
Project("{9A19103F-16F7-4668-BE54-9A1E7A4F7556}") = "Pokens.Battles.Resources", "Pokens.Battles.Resources\Pokens.Battles.Resources.csproj", "{B030D6F6-6572-4920-963E-29428DE4ADA1}"
EndProject
Project("{9A19103F-16F7-4668-BE54-9A1E7A4F7556}") = "Pokens.Battles.Infrastructure", "Pokens.Battles.Infrastructure\Pokens.Battles.Infrastructure.csproj", "{72F75596-9A3A-4675-A8BA-7B5682E46887}"
EndProject
Project("{9A19103F-16F7-4668-BE54-9A1E7A4F7556}") = "Pokens.Battles.Domain.Tests", "Pokens.Battles.Domain.Tests\Pokens.Battles.Domain.Tests.csproj", "{11ED12EE-E28F-415A-83AF-F64B7FD3658E}"
EndProject
Project("{9A19103F-16F7-4668-BE54-9A1E7A4F7556}") = "Pokens.Battles.Reactors", "Pokens.Battles.Reactors\Pokens.Battles.Reactors.csproj", "{A5B9F49E-1E76-457A-8924-9608F40E0515}"
EndProject
Project("{9A19103F-16F7-4668-BE54-9A1E7A4F7556}") = "Pokens.Battles.Read.Domain", "Pokens.Battles.Read.Domain\Pokens.Battles.Read.Domain.csproj", "{5233A537-0AD5-48A2-8969-F4CFF8795B6B}"
EndProject
Project("{9A19103F-16F7-4668-BE54-9A1E7A4F7556}") = "Pokens.Battles.Read.WebApi", "Pokens.Battles.Read.WebApi\Pokens.Battles.Read.WebApi.csproj", "{088C6102-BF8B-4F79-B7C3-19B76CD8DE4B}"
EndProject
Project("{2150E333-8FDC-42A3-9474-1A3956D46DE8}") = "99. Solution Items", "99. Solution Items", "{F93F98EE-32FC-4291-9A76-4D5D0C629C25}"
	ProjectSection(SolutionItems) = preProject
		..\NuGet.config = ..\NuGet.config
	EndProjectSection
EndProject
Global
	GlobalSection(SolutionConfigurationPlatforms) = preSolution
		Debug|Any CPU = Debug|Any CPU
		Release|Any CPU = Release|Any CPU
	EndGlobalSection
	GlobalSection(ProjectConfigurationPlatforms) = postSolution
		{15451308-D037-4E67-A807-62020704F828}.Debug|Any CPU.ActiveCfg = Debug|Any CPU
		{15451308-D037-4E67-A807-62020704F828}.Debug|Any CPU.Build.0 = Debug|Any CPU
		{15451308-D037-4E67-A807-62020704F828}.Release|Any CPU.ActiveCfg = Release|Any CPU
		{15451308-D037-4E67-A807-62020704F828}.Release|Any CPU.Build.0 = Release|Any CPU
		{8BFCEE19-8942-49E0-8D25-EDDB11AD074F}.Debug|Any CPU.ActiveCfg = Debug|Any CPU
		{8BFCEE19-8942-49E0-8D25-EDDB11AD074F}.Debug|Any CPU.Build.0 = Debug|Any CPU
		{8BFCEE19-8942-49E0-8D25-EDDB11AD074F}.Release|Any CPU.ActiveCfg = Release|Any CPU
		{8BFCEE19-8942-49E0-8D25-EDDB11AD074F}.Release|Any CPU.Build.0 = Release|Any CPU
		{FCD8C51E-D20D-48D6-9C89-2035F73E25D6}.Debug|Any CPU.ActiveCfg = Debug|Any CPU
		{FCD8C51E-D20D-48D6-9C89-2035F73E25D6}.Debug|Any CPU.Build.0 = Debug|Any CPU
		{FCD8C51E-D20D-48D6-9C89-2035F73E25D6}.Release|Any CPU.ActiveCfg = Release|Any CPU
		{FCD8C51E-D20D-48D6-9C89-2035F73E25D6}.Release|Any CPU.Build.0 = Release|Any CPU
		{B030D6F6-6572-4920-963E-29428DE4ADA1}.Debug|Any CPU.ActiveCfg = Debug|Any CPU
		{B030D6F6-6572-4920-963E-29428DE4ADA1}.Debug|Any CPU.Build.0 = Debug|Any CPU
		{B030D6F6-6572-4920-963E-29428DE4ADA1}.Release|Any CPU.ActiveCfg = Release|Any CPU
		{B030D6F6-6572-4920-963E-29428DE4ADA1}.Release|Any CPU.Build.0 = Release|Any CPU
		{72F75596-9A3A-4675-A8BA-7B5682E46887}.Debug|Any CPU.ActiveCfg = Debug|Any CPU
		{72F75596-9A3A-4675-A8BA-7B5682E46887}.Debug|Any CPU.Build.0 = Debug|Any CPU
		{72F75596-9A3A-4675-A8BA-7B5682E46887}.Release|Any CPU.ActiveCfg = Release|Any CPU
		{72F75596-9A3A-4675-A8BA-7B5682E46887}.Release|Any CPU.Build.0 = Release|Any CPU
		{11ED12EE-E28F-415A-83AF-F64B7FD3658E}.Debug|Any CPU.ActiveCfg = Debug|Any CPU
		{11ED12EE-E28F-415A-83AF-F64B7FD3658E}.Debug|Any CPU.Build.0 = Debug|Any CPU
		{11ED12EE-E28F-415A-83AF-F64B7FD3658E}.Release|Any CPU.ActiveCfg = Release|Any CPU
		{11ED12EE-E28F-415A-83AF-F64B7FD3658E}.Release|Any CPU.Build.0 = Release|Any CPU
		{A5B9F49E-1E76-457A-8924-9608F40E0515}.Debug|Any CPU.ActiveCfg = Debug|Any CPU
		{A5B9F49E-1E76-457A-8924-9608F40E0515}.Debug|Any CPU.Build.0 = Debug|Any CPU
		{A5B9F49E-1E76-457A-8924-9608F40E0515}.Release|Any CPU.ActiveCfg = Release|Any CPU
		{A5B9F49E-1E76-457A-8924-9608F40E0515}.Release|Any CPU.Build.0 = Release|Any CPU
		{5233A537-0AD5-48A2-8969-F4CFF8795B6B}.Debug|Any CPU.ActiveCfg = Debug|Any CPU
		{5233A537-0AD5-48A2-8969-F4CFF8795B6B}.Debug|Any CPU.Build.0 = Debug|Any CPU
		{5233A537-0AD5-48A2-8969-F4CFF8795B6B}.Release|Any CPU.ActiveCfg = Release|Any CPU
		{5233A537-0AD5-48A2-8969-F4CFF8795B6B}.Release|Any CPU.Build.0 = Release|Any CPU
		{088C6102-BF8B-4F79-B7C3-19B76CD8DE4B}.Debug|Any CPU.ActiveCfg = Debug|Any CPU
		{088C6102-BF8B-4F79-B7C3-19B76CD8DE4B}.Debug|Any CPU.Build.0 = Debug|Any CPU
		{088C6102-BF8B-4F79-B7C3-19B76CD8DE4B}.Release|Any CPU.ActiveCfg = Release|Any CPU
		{088C6102-BF8B-4F79-B7C3-19B76CD8DE4B}.Release|Any CPU.Build.0 = Release|Any CPU
	EndGlobalSection
	GlobalSection(SolutionProperties) = preSolution
		HideSolutionNode = FALSE
	EndGlobalSection
	GlobalSection(NestedProjects) = preSolution
		{15451308-D037-4E67-A807-62020704F828} = {0B2348AC-9A0B-4A0C-BC1F-15D8F1BD1868}
		{8BFCEE19-8942-49E0-8D25-EDDB11AD074F} = {A8958245-EB2D-4132-B751-9B3BDCED01DC}
		{FCD8C51E-D20D-48D6-9C89-2035F73E25D6} = {A8958245-EB2D-4132-B751-9B3BDCED01DC}
		{B030D6F6-6572-4920-963E-29428DE4ADA1} = {A74F4E25-8EF3-4225-B082-8DAA2EB0B71B}
		{72F75596-9A3A-4675-A8BA-7B5682E46887} = {CE1203B6-1E1E-47C6-9555-A87EEF6E2D85}
		{11ED12EE-E28F-415A-83AF-F64B7FD3658E} = {D8294EE0-7D3D-4CB1-9823-7E903F6A5C2B}
		{A5B9F49E-1E76-457A-8924-9608F40E0515} = {CE1203B6-1E1E-47C6-9555-A87EEF6E2D85}
		{5233A537-0AD5-48A2-8969-F4CFF8795B6B} = {A8958245-EB2D-4132-B751-9B3BDCED01DC}
		{088C6102-BF8B-4F79-B7C3-19B76CD8DE4B} = {0B2348AC-9A0B-4A0C-BC1F-15D8F1BD1868}
	EndGlobalSection
	GlobalSection(ExtensibilityGlobals) = postSolution
		SolutionGuid = {2ECE8988-FF48-4185-8C48-543F9AC74BB2}
	EndGlobalSection
EndGlobal
