
Microsoft Visual Studio Solution File, Format Version 12.00
# Visual Studio Version 16
VisualStudioVersion = 16.0.29102.190
MinimumVisualStudioVersion = 10.0.40219.1
Project("{9A19103F-16F7-4668-BE54-9A1E7A4F7556}") = "Pokens.Training.Domain", "Pokens.Training.Domain\Pokens.Training.Domain.csproj", "{0B58B250-D463-47FD-8FAE-C6C42B552291}"
EndProject
Project("{9A19103F-16F7-4668-BE54-9A1E7A4F7556}") = "Pokens.Training.Business", "Pokens.Training.Business\Pokens.Training.Business.csproj", "{5866078C-3839-4CD7-BD59-748CCE8DF1F2}"
EndProject
Project("{9A19103F-16F7-4668-BE54-9A1E7A4F7556}") = "Pokens.Training.Api", "Pokens.Training.Api\Pokens.Training.Api.csproj", "{FD9D700B-069B-41FC-B686-57DCEDE6BA34}"
EndProject
Project("{2150E333-8FDC-42A3-9474-1A3956D46DE8}") = "1. Presentation", "1. Presentation", "{16127B3E-68E3-4B80-A30C-4D33C09212C5}"
EndProject
Project("{2150E333-8FDC-42A3-9474-1A3956D46DE8}") = "2. Infrastructure", "2. Infrastructure", "{D1B846F4-F4BD-486E-873C-4ABB4CBBADC0}"
EndProject
Project("{2150E333-8FDC-42A3-9474-1A3956D46DE8}") = "3. Core", "3. Core", "{333BAFDB-3DD1-4F67-9E52-7BD2F50374E1}"
EndProject
Project("{2150E333-8FDC-42A3-9474-1A3956D46DE8}") = "4. Crosscutting Concerns", "4. Crosscutting Concerns", "{565A8166-C9EF-46D5-AD73-C6E36DE27EA5}"
EndProject
Project("{9A19103F-16F7-4668-BE54-9A1E7A4F7556}") = "Pokens.Training.Resources", "Pokens.Training.Resources\Pokens.Training.Resources.csproj", "{5A79DC18-7B66-4B99-B688-1C474D3503EF}"
EndProject
Project("{9A19103F-16F7-4668-BE54-9A1E7A4F7556}") = "Pokens.Training.Infrastructure", "Pokens.Training.Infrastructure\Pokens.Training.Infrastructure.csproj", "{25608D03-9D3C-449A-B5B0-4F2099C99B33}"
EndProject
Project("{2150E333-8FDC-42A3-9474-1A3956D46DE8}") = "99. Tests", "99. Tests", "{8AC2B1C6-7C22-491B-8D38-C5FE48591898}"
EndProject
Project("{9A19103F-16F7-4668-BE54-9A1E7A4F7556}") = "Pokens.Training.Domain.Tests", "Pokens.Training.Domain.Tests\Pokens.Training.Domain.Tests.csproj", "{F8D78753-14C7-42A4-8666-9804B5367D32}"
EndProject
Project("{2150E333-8FDC-42A3-9474-1A3956D46DE8}") = "99. Solution Items", "99. Solution Items", "{9546430B-E2DA-4E4E-96DD-72DEA49ABA3F}"
	ProjectSection(SolutionItems) = preProject
		..\NuGet.config = ..\NuGet.config
	EndProjectSection
EndProject
Global
	GlobalSection(SolutionConfigurationPlatforms) = preSolution
		Debug|Any CPU = Debug|Any CPU
		Release|Any CPU = Release|Any CPU
	EndGlobalSection
	GlobalSection(ProjectConfigurationPlatforms) = postSolution
		{0B58B250-D463-47FD-8FAE-C6C42B552291}.Debug|Any CPU.ActiveCfg = Debug|Any CPU
		{0B58B250-D463-47FD-8FAE-C6C42B552291}.Debug|Any CPU.Build.0 = Debug|Any CPU
		{0B58B250-D463-47FD-8FAE-C6C42B552291}.Release|Any CPU.ActiveCfg = Release|Any CPU
		{0B58B250-D463-47FD-8FAE-C6C42B552291}.Release|Any CPU.Build.0 = Release|Any CPU
		{5866078C-3839-4CD7-BD59-748CCE8DF1F2}.Debug|Any CPU.ActiveCfg = Debug|Any CPU
		{5866078C-3839-4CD7-BD59-748CCE8DF1F2}.Debug|Any CPU.Build.0 = Debug|Any CPU
		{5866078C-3839-4CD7-BD59-748CCE8DF1F2}.Release|Any CPU.ActiveCfg = Release|Any CPU
		{5866078C-3839-4CD7-BD59-748CCE8DF1F2}.Release|Any CPU.Build.0 = Release|Any CPU
		{FD9D700B-069B-41FC-B686-57DCEDE6BA34}.Debug|Any CPU.ActiveCfg = Debug|Any CPU
		{FD9D700B-069B-41FC-B686-57DCEDE6BA34}.Debug|Any CPU.Build.0 = Debug|Any CPU
		{FD9D700B-069B-41FC-B686-57DCEDE6BA34}.Release|Any CPU.ActiveCfg = Release|Any CPU
		{FD9D700B-069B-41FC-B686-57DCEDE6BA34}.Release|Any CPU.Build.0 = Release|Any CPU
		{5A79DC18-7B66-4B99-B688-1C474D3503EF}.Debug|Any CPU.ActiveCfg = Debug|Any CPU
		{5A79DC18-7B66-4B99-B688-1C474D3503EF}.Debug|Any CPU.Build.0 = Debug|Any CPU
		{5A79DC18-7B66-4B99-B688-1C474D3503EF}.Release|Any CPU.ActiveCfg = Release|Any CPU
		{5A79DC18-7B66-4B99-B688-1C474D3503EF}.Release|Any CPU.Build.0 = Release|Any CPU
		{25608D03-9D3C-449A-B5B0-4F2099C99B33}.Debug|Any CPU.ActiveCfg = Debug|Any CPU
		{25608D03-9D3C-449A-B5B0-4F2099C99B33}.Debug|Any CPU.Build.0 = Debug|Any CPU
		{25608D03-9D3C-449A-B5B0-4F2099C99B33}.Release|Any CPU.ActiveCfg = Release|Any CPU
		{25608D03-9D3C-449A-B5B0-4F2099C99B33}.Release|Any CPU.Build.0 = Release|Any CPU
		{F8D78753-14C7-42A4-8666-9804B5367D32}.Debug|Any CPU.ActiveCfg = Debug|Any CPU
		{F8D78753-14C7-42A4-8666-9804B5367D32}.Debug|Any CPU.Build.0 = Debug|Any CPU
		{F8D78753-14C7-42A4-8666-9804B5367D32}.Release|Any CPU.ActiveCfg = Release|Any CPU
		{F8D78753-14C7-42A4-8666-9804B5367D32}.Release|Any CPU.Build.0 = Release|Any CPU
	EndGlobalSection
	GlobalSection(SolutionProperties) = preSolution
		HideSolutionNode = FALSE
	EndGlobalSection
	GlobalSection(NestedProjects) = preSolution
		{0B58B250-D463-47FD-8FAE-C6C42B552291} = {333BAFDB-3DD1-4F67-9E52-7BD2F50374E1}
		{5866078C-3839-4CD7-BD59-748CCE8DF1F2} = {333BAFDB-3DD1-4F67-9E52-7BD2F50374E1}
		{FD9D700B-069B-41FC-B686-57DCEDE6BA34} = {16127B3E-68E3-4B80-A30C-4D33C09212C5}
		{5A79DC18-7B66-4B99-B688-1C474D3503EF} = {565A8166-C9EF-46D5-AD73-C6E36DE27EA5}
		{25608D03-9D3C-449A-B5B0-4F2099C99B33} = {D1B846F4-F4BD-486E-873C-4ABB4CBBADC0}
		{F8D78753-14C7-42A4-8666-9804B5367D32} = {8AC2B1C6-7C22-491B-8D38-C5FE48591898}
	EndGlobalSection
	GlobalSection(ExtensibilityGlobals) = postSolution
		SolutionGuid = {2ECE8988-FF48-4185-8C48-543F9AC74BB2}
	EndGlobalSection
EndGlobal
