
Microsoft Visual Studio Solution File, Format Version 12.00
# Visual Studio Version 16
VisualStudioVersion = 16.0.29102.190
MinimumVisualStudioVersion = 10.0.40219.1
Project("{9A19103F-16F7-4668-BE54-9A1E7A4F7556}") = "Pokens.Pokedex.Domain", "Pokens.Pokedex.Domain\Pokens.Pokedex.Domain.csproj", "{27E4C4D1-207E-4BBD-BB2F-30DD08EEDC25}"
EndProject
Project("{9A19103F-16F7-4668-BE54-9A1E7A4F7556}") = "Pokens.Pokedex.Business", "Pokens.Pokedex.Business\Pokens.Pokedex.Business.csproj", "{6CBFC86E-70DA-43E5-B6EA-CD54FB508FA3}"
EndProject
Project("{2150E333-8FDC-42A3-9474-1A3956D46DE8}") = "1. Presentation", "1. Presentation", "{F646865D-5C03-46AA-B22F-7E4C77EAC017}"
EndProject
Project("{2150E333-8FDC-42A3-9474-1A3956D46DE8}") = "2. Infrastructure", "2. Infrastructure", "{58F999BA-A1A6-4225-8AC2-12BC51754905}"
EndProject
Project("{2150E333-8FDC-42A3-9474-1A3956D46DE8}") = "3. Core", "3. Core", "{A8E8FA0D-FC48-40C0-AC52-26925D0ED05D}"
EndProject
Project("{9A19103F-16F7-4668-BE54-9A1E7A4F7556}") = "Pokens.Pokedex.Infrastructure", "Pokens.Pokedex.Infrastructure\Pokens.Pokedex.Infrastructure.csproj", "{B66AD580-A135-4837-9471-148BE031AD83}"
EndProject
Project("{9A19103F-16F7-4668-BE54-9A1E7A4F7556}") = "Pokens.Pokedex.Office", "Pokens.Pokedex.Office\Pokens.Pokedex.Office.csproj", "{AF7874DD-C7D9-4214-BDB2-22F553CC0B6F}"
EndProject
Project("{9A19103F-16F7-4668-BE54-9A1E7A4F7556}") = "Pokens.Pokedex.Api", "Pokens.Pokedex.Api\Pokens.Pokedex.Api.csproj", "{3C85CCEB-1E21-49DA-AEDC-3C13295A9C4C}"
EndProject
Project("{2150E333-8FDC-42A3-9474-1A3956D46DE8}") = "99. Solution Items", "99. Solution Items", "{A8B40812-6734-4CCF-9F29-51D0897C45E9}"
	ProjectSection(SolutionItems) = preProject
		..\NuGet.config = ..\NuGet.config
	EndProjectSection
EndProject
Global
	GlobalSection(SolutionConfigurationPlatforms) = preSolution
		Debug|Any CPU = Debug|Any CPU
		Release|Any CPU = Release|Any CPU
	EndGlobalSection
	GlobalSection(ProjectConfigurationPlatforms) = postSolution
		{27E4C4D1-207E-4BBD-BB2F-30DD08EEDC25}.Debug|Any CPU.ActiveCfg = Debug|Any CPU
		{27E4C4D1-207E-4BBD-BB2F-30DD08EEDC25}.Debug|Any CPU.Build.0 = Debug|Any CPU
		{27E4C4D1-207E-4BBD-BB2F-30DD08EEDC25}.Release|Any CPU.ActiveCfg = Release|Any CPU
		{27E4C4D1-207E-4BBD-BB2F-30DD08EEDC25}.Release|Any CPU.Build.0 = Release|Any CPU
		{6CBFC86E-70DA-43E5-B6EA-CD54FB508FA3}.Debug|Any CPU.ActiveCfg = Debug|Any CPU
		{6CBFC86E-70DA-43E5-B6EA-CD54FB508FA3}.Debug|Any CPU.Build.0 = Debug|Any CPU
		{6CBFC86E-70DA-43E5-B6EA-CD54FB508FA3}.Release|Any CPU.ActiveCfg = Release|Any CPU
		{6CBFC86E-70DA-43E5-B6EA-CD54FB508FA3}.Release|Any CPU.Build.0 = Release|Any CPU
		{B66AD580-A135-4837-9471-148BE031AD83}.Debug|Any CPU.ActiveCfg = Debug|Any CPU
		{B66AD580-A135-4837-9471-148BE031AD83}.Debug|Any CPU.Build.0 = Debug|Any CPU
		{B66AD580-A135-4837-9471-148BE031AD83}.Release|Any CPU.ActiveCfg = Release|Any CPU
		{B66AD580-A135-4837-9471-148BE031AD83}.Release|Any CPU.Build.0 = Release|Any CPU
		{AF7874DD-C7D9-4214-BDB2-22F553CC0B6F}.Debug|Any CPU.ActiveCfg = Debug|Any CPU
		{AF7874DD-C7D9-4214-BDB2-22F553CC0B6F}.Debug|Any CPU.Build.0 = Debug|Any CPU
		{AF7874DD-C7D9-4214-BDB2-22F553CC0B6F}.Release|Any CPU.ActiveCfg = Release|Any CPU
		{AF7874DD-C7D9-4214-BDB2-22F553CC0B6F}.Release|Any CPU.Build.0 = Release|Any CPU
		{3C85CCEB-1E21-49DA-AEDC-3C13295A9C4C}.Debug|Any CPU.ActiveCfg = Debug|Any CPU
		{3C85CCEB-1E21-49DA-AEDC-3C13295A9C4C}.Debug|Any CPU.Build.0 = Debug|Any CPU
		{3C85CCEB-1E21-49DA-AEDC-3C13295A9C4C}.Release|Any CPU.ActiveCfg = Release|Any CPU
		{3C85CCEB-1E21-49DA-AEDC-3C13295A9C4C}.Release|Any CPU.Build.0 = Release|Any CPU
	EndGlobalSection
	GlobalSection(SolutionProperties) = preSolution
		HideSolutionNode = FALSE
	EndGlobalSection
	GlobalSection(NestedProjects) = preSolution
		{27E4C4D1-207E-4BBD-BB2F-30DD08EEDC25} = {A8E8FA0D-FC48-40C0-AC52-26925D0ED05D}
		{6CBFC86E-70DA-43E5-B6EA-CD54FB508FA3} = {A8E8FA0D-FC48-40C0-AC52-26925D0ED05D}
		{B66AD580-A135-4837-9471-148BE031AD83} = {58F999BA-A1A6-4225-8AC2-12BC51754905}
		{AF7874DD-C7D9-4214-BDB2-22F553CC0B6F} = {F646865D-5C03-46AA-B22F-7E4C77EAC017}
		{3C85CCEB-1E21-49DA-AEDC-3C13295A9C4C} = {F646865D-5C03-46AA-B22F-7E4C77EAC017}
	EndGlobalSection
	GlobalSection(ExtensibilityGlobals) = postSolution
		SolutionGuid = {2ECE8988-FF48-4185-8C48-543F9AC74BB2}
	EndGlobalSection
EndGlobal
