
Microsoft Visual Studio Solution File, Format Version 12.00
# Visual Studio Version 16
VisualStudioVersion = 16.0.29102.190
MinimumVisualStudioVersion = 10.0.40219.1
Project("{2150E333-8FDC-42A3-9474-1A3956D46DE8}") = "0. Pokedex", "0. Pokedex", "{38BFD5C1-63C2-40EB-8B79-F99A29A943F6}"
EndProject
Project("{2150E333-8FDC-42A3-9474-1A3956D46DE8}") = "99. Kernel", "99. Kernel", "{6D139D2E-2906-438F-AC05-EEE13CEB7317}"
EndProject
Project("{9A19103F-16F7-4668-BE54-9A1E7A4F7556}") = "Pomelo.Kernel.Domain", "..\Pomelo.Kernel\Pomelo.Kernel.Domain\Pomelo.Kernel.Domain.csproj", "{29DD54AD-FCBE-4913-B29D-48DADFD9C29F}"
EndProject
Project("{9A19103F-16F7-4668-BE54-9A1E7A4F7556}") = "Pomelo.Kernel.Common", "..\Pomelo.Kernel\Pomelo.Kernel.Common\Pomelo.Kernel.Common.csproj", "{0F641EB0-E33B-4786-AFEF-E76074695B7B}"
EndProject
Project("{9A19103F-16F7-4668-BE54-9A1E7A4F7556}") = "Pomelo.Kernel.EventStore", "..\Pomelo.Kernel\Pomelo.Kernel.EventStore\Pomelo.Kernel.EventStore.csproj", "{FC35C3CB-B7D7-45DB-8D84-D9FC0327FA72}"
EndProject
Project("{9A19103F-16F7-4668-BE54-9A1E7A4F7556}") = "Pomelo.Kernel.Messaging", "..\Pomelo.Kernel\Pomelo.Kernel.Messaging\Pomelo.Kernel.Messaging.csproj", "{093A42FE-D900-4238-8CEF-577B6605BF91}"
EndProject
Project("{9A19103F-16F7-4668-BE54-9A1E7A4F7556}") = "Pomelo.Kernel.Messaging.Abstractions", "..\Pomelo.Kernel\Pomelo.Kernel.Messaging.Abstractions\Pomelo.Kernel.Messaging.Abstractions.csproj", "{09842B60-9D4A-465C-9224-DA4A515FE223}"
EndProject
Project("{9A19103F-16F7-4668-BE54-9A1E7A4F7556}") = "Pomelo.Kernel.Infrastructure", "..\Pomelo.Kernel\Pomelo.Kernel.Infrastructure\Pomelo.Kernel.Infrastructure.csproj", "{A77181F8-C078-4CCF-A49C-75341EDAC98E}"
EndProject
Project("{9A19103F-16F7-4668-BE54-9A1E7A4F7556}") = "Pomelo.Kernel.Mongo", "..\Pomelo.Kernel\Pomelo.Kernel.Mongo\Pomelo.Kernel.Mongo.csproj", "{DDF40009-5CC8-4BF9-B84A-51214DDEF8AB}"
EndProject
Project("{9A19103F-16F7-4668-BE54-9A1E7A4F7556}") = "Pomelo.Kernel.DataSynchronization", "..\Pomelo.Kernel\Pomelo.Kernel.DataSynchronization\Pomelo.Kernel.DataSynchronization.csproj", "{AE534C5C-08B1-402A-A17F-69256308623A}"
EndProject
Project("{9A19103F-16F7-4668-BE54-9A1E7A4F7556}") = "Pomelo.Kernel.EntityFramework", "..\Pomelo.Kernel\Pomelo.Kernel.EntityFramework\Pomelo.Kernel.EntityFramework.csproj", "{01CAAAA4-1F9C-4736-BA42-F22AE7A66DDF}"
EndProject
Project("{9A19103F-16F7-4668-BE54-9A1E7A4F7556}") = "Pokens.Pokedex.Domain", "Pokens.Pokedex.Domain\Pokens.Pokedex.Domain.csproj", "{27E4C4D1-207E-4BBD-BB2F-30DD08EEDC25}"
EndProject
Project("{9A19103F-16F7-4668-BE54-9A1E7A4F7556}") = "Pokens.Pokedex.Business", "Pokens.Pokedex.Business\Pokens.Pokedex.Business.csproj", "{6CBFC86E-70DA-43E5-B6EA-CD54FB508FA3}"
EndProject
Project("{2150E333-8FDC-42A3-9474-1A3956D46DE8}") = "1. Presentation", "1. Presentation", "{F646865D-5C03-46AA-B22F-7E4C77EAC017}"
EndProject
Project("{2150E333-8FDC-42A3-9474-1A3956D46DE8}") = "2. Infrastructure", "2. Infrastructure", "{58F999BA-A1A6-4225-8AC2-12BC51754905}"
EndProject
Project("{2150E333-8FDC-42A3-9474-1A3956D46DE8}") = "3. Core", "3. Core", "{A8E8FA0D-FC48-40C0-AC52-26925D0ED05D}"
EndProject
Project("{FAE04EC0-301F-11D3-BF4B-00C04F79EFBC}") = "Pokens.Pokedex.Infrastructure", "Pokens.Pokedex.Infrastructure\Pokens.Pokedex.Infrastructure.csproj", "{B66AD580-A135-4837-9471-148BE031AD83}"
EndProject
Project("{FAE04EC0-301F-11D3-BF4B-00C04F79EFBC}") = "Pokens.Pokedex.Office", "Pokens.Pokedex.Office\Pokens.Pokedex.Office.csproj", "{AF7874DD-C7D9-4214-BDB2-22F553CC0B6F}"
EndProject
Global
	GlobalSection(SolutionConfigurationPlatforms) = preSolution
		Debug|Any CPU = Debug|Any CPU
		Release|Any CPU = Release|Any CPU
	EndGlobalSection
	GlobalSection(ProjectConfigurationPlatforms) = postSolution
		{29DD54AD-FCBE-4913-B29D-48DADFD9C29F}.Debug|Any CPU.ActiveCfg = Debug|Any CPU
		{29DD54AD-FCBE-4913-B29D-48DADFD9C29F}.Debug|Any CPU.Build.0 = Debug|Any CPU
		{29DD54AD-FCBE-4913-B29D-48DADFD9C29F}.Release|Any CPU.ActiveCfg = Release|Any CPU
		{29DD54AD-FCBE-4913-B29D-48DADFD9C29F}.Release|Any CPU.Build.0 = Release|Any CPU
		{0F641EB0-E33B-4786-AFEF-E76074695B7B}.Debug|Any CPU.ActiveCfg = Debug|Any CPU
		{0F641EB0-E33B-4786-AFEF-E76074695B7B}.Debug|Any CPU.Build.0 = Debug|Any CPU
		{0F641EB0-E33B-4786-AFEF-E76074695B7B}.Release|Any CPU.ActiveCfg = Release|Any CPU
		{0F641EB0-E33B-4786-AFEF-E76074695B7B}.Release|Any CPU.Build.0 = Release|Any CPU
		{FC35C3CB-B7D7-45DB-8D84-D9FC0327FA72}.Debug|Any CPU.ActiveCfg = Debug|Any CPU
		{FC35C3CB-B7D7-45DB-8D84-D9FC0327FA72}.Debug|Any CPU.Build.0 = Debug|Any CPU
		{FC35C3CB-B7D7-45DB-8D84-D9FC0327FA72}.Release|Any CPU.ActiveCfg = Release|Any CPU
		{FC35C3CB-B7D7-45DB-8D84-D9FC0327FA72}.Release|Any CPU.Build.0 = Release|Any CPU
		{093A42FE-D900-4238-8CEF-577B6605BF91}.Debug|Any CPU.ActiveCfg = Debug|Any CPU
		{093A42FE-D900-4238-8CEF-577B6605BF91}.Debug|Any CPU.Build.0 = Debug|Any CPU
		{093A42FE-D900-4238-8CEF-577B6605BF91}.Release|Any CPU.ActiveCfg = Release|Any CPU
		{093A42FE-D900-4238-8CEF-577B6605BF91}.Release|Any CPU.Build.0 = Release|Any CPU
		{09842B60-9D4A-465C-9224-DA4A515FE223}.Debug|Any CPU.ActiveCfg = Debug|Any CPU
		{09842B60-9D4A-465C-9224-DA4A515FE223}.Debug|Any CPU.Build.0 = Debug|Any CPU
		{09842B60-9D4A-465C-9224-DA4A515FE223}.Release|Any CPU.ActiveCfg = Release|Any CPU
		{09842B60-9D4A-465C-9224-DA4A515FE223}.Release|Any CPU.Build.0 = Release|Any CPU
		{A77181F8-C078-4CCF-A49C-75341EDAC98E}.Debug|Any CPU.ActiveCfg = Debug|Any CPU
		{A77181F8-C078-4CCF-A49C-75341EDAC98E}.Debug|Any CPU.Build.0 = Debug|Any CPU
		{A77181F8-C078-4CCF-A49C-75341EDAC98E}.Release|Any CPU.ActiveCfg = Release|Any CPU
		{A77181F8-C078-4CCF-A49C-75341EDAC98E}.Release|Any CPU.Build.0 = Release|Any CPU
		{DDF40009-5CC8-4BF9-B84A-51214DDEF8AB}.Debug|Any CPU.ActiveCfg = Debug|Any CPU
		{DDF40009-5CC8-4BF9-B84A-51214DDEF8AB}.Debug|Any CPU.Build.0 = Debug|Any CPU
		{DDF40009-5CC8-4BF9-B84A-51214DDEF8AB}.Release|Any CPU.ActiveCfg = Release|Any CPU
		{DDF40009-5CC8-4BF9-B84A-51214DDEF8AB}.Release|Any CPU.Build.0 = Release|Any CPU
		{AE534C5C-08B1-402A-A17F-69256308623A}.Debug|Any CPU.ActiveCfg = Debug|Any CPU
		{AE534C5C-08B1-402A-A17F-69256308623A}.Debug|Any CPU.Build.0 = Debug|Any CPU
		{AE534C5C-08B1-402A-A17F-69256308623A}.Release|Any CPU.ActiveCfg = Release|Any CPU
		{AE534C5C-08B1-402A-A17F-69256308623A}.Release|Any CPU.Build.0 = Release|Any CPU
		{01CAAAA4-1F9C-4736-BA42-F22AE7A66DDF}.Debug|Any CPU.ActiveCfg = Debug|Any CPU
		{01CAAAA4-1F9C-4736-BA42-F22AE7A66DDF}.Debug|Any CPU.Build.0 = Debug|Any CPU
		{01CAAAA4-1F9C-4736-BA42-F22AE7A66DDF}.Release|Any CPU.ActiveCfg = Release|Any CPU
		{01CAAAA4-1F9C-4736-BA42-F22AE7A66DDF}.Release|Any CPU.Build.0 = Release|Any CPU
		{27E4C4D1-207E-4BBD-BB2F-30DD08EEDC25}.Debug|Any CPU.ActiveCfg = Debug|Any CPU
		{27E4C4D1-207E-4BBD-BB2F-30DD08EEDC25}.Debug|Any CPU.Build.0 = Debug|Any CPU
		{27E4C4D1-207E-4BBD-BB2F-30DD08EEDC25}.Release|Any CPU.ActiveCfg = Release|Any CPU
		{27E4C4D1-207E-4BBD-BB2F-30DD08EEDC25}.Release|Any CPU.Build.0 = Release|Any CPU
		{6CBFC86E-70DA-43E5-B6EA-CD54FB508FA3}.Debug|Any CPU.ActiveCfg = Debug|Any CPU
		{6CBFC86E-70DA-43E5-B6EA-CD54FB508FA3}.Debug|Any CPU.Build.0 = Debug|Any CPU
		{6CBFC86E-70DA-43E5-B6EA-CD54FB508FA3}.Release|Any CPU.ActiveCfg = Release|Any CPU
		{6CBFC86E-70DA-43E5-B6EA-CD54FB508FA3}.Release|Any CPU.Build.0 = Release|Any CPU
		{B66AD580-A135-4837-9471-148BE031AD83}.Debug|Any CPU.ActiveCfg = Debug|Any CPU
		{B66AD580-A135-4837-9471-148BE031AD83}.Debug|Any CPU.Build.0 = Debug|Any CPU
		{B66AD580-A135-4837-9471-148BE031AD83}.Release|Any CPU.ActiveCfg = Release|Any CPU
		{B66AD580-A135-4837-9471-148BE031AD83}.Release|Any CPU.Build.0 = Release|Any CPU
		{AF7874DD-C7D9-4214-BDB2-22F553CC0B6F}.Debug|Any CPU.ActiveCfg = Debug|Any CPU
		{AF7874DD-C7D9-4214-BDB2-22F553CC0B6F}.Debug|Any CPU.Build.0 = Debug|Any CPU
		{AF7874DD-C7D9-4214-BDB2-22F553CC0B6F}.Release|Any CPU.ActiveCfg = Release|Any CPU
		{AF7874DD-C7D9-4214-BDB2-22F553CC0B6F}.Release|Any CPU.Build.0 = Release|Any CPU
	EndGlobalSection
	GlobalSection(SolutionProperties) = preSolution
		HideSolutionNode = FALSE
	EndGlobalSection
	GlobalSection(NestedProjects) = preSolution
		{29DD54AD-FCBE-4913-B29D-48DADFD9C29F} = {6D139D2E-2906-438F-AC05-EEE13CEB7317}
		{0F641EB0-E33B-4786-AFEF-E76074695B7B} = {6D139D2E-2906-438F-AC05-EEE13CEB7317}
		{FC35C3CB-B7D7-45DB-8D84-D9FC0327FA72} = {6D139D2E-2906-438F-AC05-EEE13CEB7317}
		{093A42FE-D900-4238-8CEF-577B6605BF91} = {6D139D2E-2906-438F-AC05-EEE13CEB7317}
		{09842B60-9D4A-465C-9224-DA4A515FE223} = {6D139D2E-2906-438F-AC05-EEE13CEB7317}
		{A77181F8-C078-4CCF-A49C-75341EDAC98E} = {6D139D2E-2906-438F-AC05-EEE13CEB7317}
		{DDF40009-5CC8-4BF9-B84A-51214DDEF8AB} = {6D139D2E-2906-438F-AC05-EEE13CEB7317}
		{AE534C5C-08B1-402A-A17F-69256308623A} = {6D139D2E-2906-438F-AC05-EEE13CEB7317}
		{01CAAAA4-1F9C-4736-BA42-F22AE7A66DDF} = {6D139D2E-2906-438F-AC05-EEE13CEB7317}
		{27E4C4D1-207E-4BBD-BB2F-30DD08EEDC25} = {A8E8FA0D-FC48-40C0-AC52-26925D0ED05D}
		{6CBFC86E-70DA-43E5-B6EA-CD54FB508FA3} = {A8E8FA0D-FC48-40C0-AC52-26925D0ED05D}
		{F646865D-5C03-46AA-B22F-7E4C77EAC017} = {38BFD5C1-63C2-40EB-8B79-F99A29A943F6}
		{58F999BA-A1A6-4225-8AC2-12BC51754905} = {38BFD5C1-63C2-40EB-8B79-F99A29A943F6}
		{A8E8FA0D-FC48-40C0-AC52-26925D0ED05D} = {38BFD5C1-63C2-40EB-8B79-F99A29A943F6}
		{B66AD580-A135-4837-9471-148BE031AD83} = {58F999BA-A1A6-4225-8AC2-12BC51754905}
		{AF7874DD-C7D9-4214-BDB2-22F553CC0B6F} = {F646865D-5C03-46AA-B22F-7E4C77EAC017}
	EndGlobalSection
	GlobalSection(ExtensibilityGlobals) = postSolution
		SolutionGuid = {2ECE8988-FF48-4185-8C48-543F9AC74BB2}
	EndGlobalSection
EndGlobal
