
Microsoft Visual Studio Solution File, Format Version 12.00
# Visual Studio Version 16
VisualStudioVersion = 16.0.29102.190
MinimumVisualStudioVersion = 10.0.40219.1
Project("{2150E333-8FDC-42A3-9474-1A3956D46DE8}") = "0. Trainers", "0. Trainers", "{4F37AC89-17B0-4463-BC9C-1F745B371D10}"
EndProject
Project("{2150E333-8FDC-42A3-9474-1A3956D46DE8}") = "99. Kernel", "99. Kernel", "{0C760E30-1D43-40DB-AAD3-C1BF187A4907}"
EndProject
Project("{9A19103F-16F7-4668-BE54-9A1E7A4F7556}") = "Pomelo.Kernel.Domain", "..\Pomelo.Kernel\Pomelo.Kernel.Domain\Pomelo.Kernel.Domain.csproj", "{29DD54AD-FCBE-4913-B29D-48DADFD9C29F}"
EndProject
Project("{9A19103F-16F7-4668-BE54-9A1E7A4F7556}") = "Pomelo.Kernel.Common", "..\Pomelo.Kernel\Pomelo.Kernel.Common\Pomelo.Kernel.Common.csproj", "{0F641EB0-E33B-4786-AFEF-E76074695B7B}"
EndProject
Project("{9A19103F-16F7-4668-BE54-9A1E7A4F7556}") = "Pomelo.Kernel.EventStore", "..\Pomelo.Kernel\Pomelo.Kernel.EventStore\Pomelo.Kernel.EventStore.csproj", "{FC35C3CB-B7D7-45DB-8D84-D9FC0327FA72}"
EndProject
Project("{9A19103F-16F7-4668-BE54-9A1E7A4F7556}") = "Pomelo.Kernel.Messaging", "..\Pomelo.Kernel\Pomelo.Kernel.Messaging\Pomelo.Kernel.Messaging.csproj", "{093A42FE-D900-4238-8CEF-577B6605BF91}"
EndProject
Project("{9A19103F-16F7-4668-BE54-9A1E7A4F7556}") = "Pomelo.Kernel.Messaging.Abstractions", "..\Pomelo.Kernel\Pomelo.Kernel.Messaging.Abstractions\Pomelo.Kernel.Messaging.Abstractions.csproj", "{09842B60-9D4A-465C-9224-DA4A515FE223}"
EndProject
Project("{9A19103F-16F7-4668-BE54-9A1E7A4F7556}") = "Pomelo.Kernel.Infrastructure", "..\Pomelo.Kernel\Pomelo.Kernel.Infrastructure\Pomelo.Kernel.Infrastructure.csproj", "{A77181F8-C078-4CCF-A49C-75341EDAC98E}"
EndProject
Project("{9A19103F-16F7-4668-BE54-9A1E7A4F7556}") = "Pomelo.Kernel.Mongo", "..\Pomelo.Kernel\Pomelo.Kernel.Mongo\Pomelo.Kernel.Mongo.csproj", "{DDF40009-5CC8-4BF9-B84A-51214DDEF8AB}"
EndProject
Project("{9A19103F-16F7-4668-BE54-9A1E7A4F7556}") = "Pomelo.Kernel.DataSynchronization", "..\Pomelo.Kernel\Pomelo.Kernel.DataSynchronization\Pomelo.Kernel.DataSynchronization.csproj", "{AE534C5C-08B1-402A-A17F-69256308623A}"
EndProject
Project("{9A19103F-16F7-4668-BE54-9A1E7A4F7556}") = "Pomelo.Kernel.EntityFramework", "..\Pomelo.Kernel\Pomelo.Kernel.EntityFramework\Pomelo.Kernel.EntityFramework.csproj", "{01CAAAA4-1F9C-4736-BA42-F22AE7A66DDF}"
EndProject
Project("{9A19103F-16F7-4668-BE54-9A1E7A4F7556}") = "Pokens.Trainers.Api", "Pokens.Trainers.Api\Pokens.Trainers.Api.csproj", "{9436E8C4-59E8-4C4C-B3F7-50DE945C6DCB}"
EndProject
Project("{9A19103F-16F7-4668-BE54-9A1E7A4F7556}") = "Pokens.Trainers.Domain", "Pokens.Trainers.Domain\Pokens.Trainers.Domain.csproj", "{4C53D6B2-6E78-4769-82B9-274F55F25129}"
EndProject
Project("{9A19103F-16F7-4668-BE54-9A1E7A4F7556}") = "Pokemons.Trainers.Business", "Pokemons.Trainers.Business\Pokemons.Trainers.Business.csproj", "{FC026093-E13C-4685-9B49-D3A35F43E288}"
EndProject
Project("{9A19103F-16F7-4668-BE54-9A1E7A4F7556}") = "Pokens.Trainers.Infrastructure", "Pokens.Trainers.Infrastructure\Pokens.Trainers.Infrastructure.csproj", "{2D848CD1-A3A4-4AA8-93C9-C4E6DDB83E30}"
EndProject
Project("{2150E333-8FDC-42A3-9474-1A3956D46DE8}") = "1. Presentation", "1. Presentation", "{2A41156E-C6CC-4AFD-B3D3-1D7E5228EE9E}"
EndProject
Project("{2150E333-8FDC-42A3-9474-1A3956D46DE8}") = "2. Infrastructure", "2. Infrastructure", "{51A1F1EE-A8DB-4834-A30F-F8E46F5BC4AB}"
EndProject
Project("{2150E333-8FDC-42A3-9474-1A3956D46DE8}") = "3. Core", "3. Core", "{A4BB9885-A191-44E2-A8F7-6069384AD2ED}"
EndProject
Project("{2150E333-8FDC-42A3-9474-1A3956D46DE8}") = "99. Tests", "99. Tests", "{7B08506E-00CC-4043-A39C-73E999AA0709}"
EndProject
Project("{9A19103F-16F7-4668-BE54-9A1E7A4F7556}") = "Pokens.Trainers.Domain.Tests", "Pokens.Trainers.Domain.Tests\Pokens.Trainers.Domain.Tests.csproj", "{3CC693FD-4B8B-4B90-A5C0-F93F911F33A1}"
EndProject
Project("{2150E333-8FDC-42A3-9474-1A3956D46DE8}") = "4. Crosscutting Concerns", "4. Crosscutting Concerns", "{13C791A5-A7E7-4882-96F5-364399C1C4F5}"
EndProject
Project("{9A19103F-16F7-4668-BE54-9A1E7A4F7556}") = "Pokens.Trainers.Common", "Pokens.Trainers.Common\Pokens.Trainers.Common.csproj", "{E9299BA5-E537-4BA3-A3E9-1DF7435EB274}"
EndProject
Project("{9A19103F-16F7-4668-BE54-9A1E7A4F7556}") = "Pokens.Trainers.Business.Tests", "Pokens.Trainers.Business.Tests\Pokens.Trainers.Business.Tests.csproj", "{688E6D1E-7D71-402E-B138-1C195D09A0B8}"
EndProject
Project("{9A19103F-16F7-4668-BE54-9A1E7A4F7556}") = "Pokens.Trainers.Persistence.EntityFramework", "Pokens.Trainers.Persistence.EntityFramework\Pokens.Trainers.Persistence.EntityFramework.csproj", "{1FD1BCC9-CA10-4D19-874A-2C5A05605FD2}"
EndProject
Global
	GlobalSection(SolutionConfigurationPlatforms) = preSolution
		Debug|Any CPU = Debug|Any CPU
		Release|Any CPU = Release|Any CPU
	EndGlobalSection
	GlobalSection(ProjectConfigurationPlatforms) = postSolution
		{29DD54AD-FCBE-4913-B29D-48DADFD9C29F}.Debug|Any CPU.ActiveCfg = Debug|Any CPU
		{29DD54AD-FCBE-4913-B29D-48DADFD9C29F}.Debug|Any CPU.Build.0 = Debug|Any CPU
		{29DD54AD-FCBE-4913-B29D-48DADFD9C29F}.Release|Any CPU.ActiveCfg = Release|Any CPU
		{29DD54AD-FCBE-4913-B29D-48DADFD9C29F}.Release|Any CPU.Build.0 = Release|Any CPU
		{0F641EB0-E33B-4786-AFEF-E76074695B7B}.Debug|Any CPU.ActiveCfg = Debug|Any CPU
		{0F641EB0-E33B-4786-AFEF-E76074695B7B}.Debug|Any CPU.Build.0 = Debug|Any CPU
		{0F641EB0-E33B-4786-AFEF-E76074695B7B}.Release|Any CPU.ActiveCfg = Release|Any CPU
		{0F641EB0-E33B-4786-AFEF-E76074695B7B}.Release|Any CPU.Build.0 = Release|Any CPU
		{FC35C3CB-B7D7-45DB-8D84-D9FC0327FA72}.Debug|Any CPU.ActiveCfg = Debug|Any CPU
		{FC35C3CB-B7D7-45DB-8D84-D9FC0327FA72}.Debug|Any CPU.Build.0 = Debug|Any CPU
		{FC35C3CB-B7D7-45DB-8D84-D9FC0327FA72}.Release|Any CPU.ActiveCfg = Release|Any CPU
		{FC35C3CB-B7D7-45DB-8D84-D9FC0327FA72}.Release|Any CPU.Build.0 = Release|Any CPU
		{093A42FE-D900-4238-8CEF-577B6605BF91}.Debug|Any CPU.ActiveCfg = Debug|Any CPU
		{093A42FE-D900-4238-8CEF-577B6605BF91}.Debug|Any CPU.Build.0 = Debug|Any CPU
		{093A42FE-D900-4238-8CEF-577B6605BF91}.Release|Any CPU.ActiveCfg = Release|Any CPU
		{093A42FE-D900-4238-8CEF-577B6605BF91}.Release|Any CPU.Build.0 = Release|Any CPU
		{09842B60-9D4A-465C-9224-DA4A515FE223}.Debug|Any CPU.ActiveCfg = Debug|Any CPU
		{09842B60-9D4A-465C-9224-DA4A515FE223}.Debug|Any CPU.Build.0 = Debug|Any CPU
		{09842B60-9D4A-465C-9224-DA4A515FE223}.Release|Any CPU.ActiveCfg = Release|Any CPU
		{09842B60-9D4A-465C-9224-DA4A515FE223}.Release|Any CPU.Build.0 = Release|Any CPU
		{A77181F8-C078-4CCF-A49C-75341EDAC98E}.Debug|Any CPU.ActiveCfg = Debug|Any CPU
		{A77181F8-C078-4CCF-A49C-75341EDAC98E}.Debug|Any CPU.Build.0 = Debug|Any CPU
		{A77181F8-C078-4CCF-A49C-75341EDAC98E}.Release|Any CPU.ActiveCfg = Release|Any CPU
		{A77181F8-C078-4CCF-A49C-75341EDAC98E}.Release|Any CPU.Build.0 = Release|Any CPU
		{DDF40009-5CC8-4BF9-B84A-51214DDEF8AB}.Debug|Any CPU.ActiveCfg = Debug|Any CPU
		{DDF40009-5CC8-4BF9-B84A-51214DDEF8AB}.Debug|Any CPU.Build.0 = Debug|Any CPU
		{DDF40009-5CC8-4BF9-B84A-51214DDEF8AB}.Release|Any CPU.ActiveCfg = Release|Any CPU
		{DDF40009-5CC8-4BF9-B84A-51214DDEF8AB}.Release|Any CPU.Build.0 = Release|Any CPU
		{AE534C5C-08B1-402A-A17F-69256308623A}.Debug|Any CPU.ActiveCfg = Debug|Any CPU
		{AE534C5C-08B1-402A-A17F-69256308623A}.Debug|Any CPU.Build.0 = Debug|Any CPU
		{AE534C5C-08B1-402A-A17F-69256308623A}.Release|Any CPU.ActiveCfg = Release|Any CPU
		{AE534C5C-08B1-402A-A17F-69256308623A}.Release|Any CPU.Build.0 = Release|Any CPU
		{01CAAAA4-1F9C-4736-BA42-F22AE7A66DDF}.Debug|Any CPU.ActiveCfg = Debug|Any CPU
		{01CAAAA4-1F9C-4736-BA42-F22AE7A66DDF}.Debug|Any CPU.Build.0 = Debug|Any CPU
		{01CAAAA4-1F9C-4736-BA42-F22AE7A66DDF}.Release|Any CPU.ActiveCfg = Release|Any CPU
		{01CAAAA4-1F9C-4736-BA42-F22AE7A66DDF}.Release|Any CPU.Build.0 = Release|Any CPU
		{9436E8C4-59E8-4C4C-B3F7-50DE945C6DCB}.Debug|Any CPU.ActiveCfg = Debug|Any CPU
		{9436E8C4-59E8-4C4C-B3F7-50DE945C6DCB}.Debug|Any CPU.Build.0 = Debug|Any CPU
		{9436E8C4-59E8-4C4C-B3F7-50DE945C6DCB}.Release|Any CPU.ActiveCfg = Release|Any CPU
		{9436E8C4-59E8-4C4C-B3F7-50DE945C6DCB}.Release|Any CPU.Build.0 = Release|Any CPU
		{4C53D6B2-6E78-4769-82B9-274F55F25129}.Debug|Any CPU.ActiveCfg = Debug|Any CPU
		{4C53D6B2-6E78-4769-82B9-274F55F25129}.Debug|Any CPU.Build.0 = Debug|Any CPU
		{4C53D6B2-6E78-4769-82B9-274F55F25129}.Release|Any CPU.ActiveCfg = Release|Any CPU
		{4C53D6B2-6E78-4769-82B9-274F55F25129}.Release|Any CPU.Build.0 = Release|Any CPU
		{FC026093-E13C-4685-9B49-D3A35F43E288}.Debug|Any CPU.ActiveCfg = Debug|Any CPU
		{FC026093-E13C-4685-9B49-D3A35F43E288}.Debug|Any CPU.Build.0 = Debug|Any CPU
		{FC026093-E13C-4685-9B49-D3A35F43E288}.Release|Any CPU.ActiveCfg = Release|Any CPU
		{FC026093-E13C-4685-9B49-D3A35F43E288}.Release|Any CPU.Build.0 = Release|Any CPU
		{2D848CD1-A3A4-4AA8-93C9-C4E6DDB83E30}.Debug|Any CPU.ActiveCfg = Debug|Any CPU
		{2D848CD1-A3A4-4AA8-93C9-C4E6DDB83E30}.Debug|Any CPU.Build.0 = Debug|Any CPU
		{2D848CD1-A3A4-4AA8-93C9-C4E6DDB83E30}.Release|Any CPU.ActiveCfg = Release|Any CPU
		{2D848CD1-A3A4-4AA8-93C9-C4E6DDB83E30}.Release|Any CPU.Build.0 = Release|Any CPU
		{3CC693FD-4B8B-4B90-A5C0-F93F911F33A1}.Debug|Any CPU.ActiveCfg = Debug|Any CPU
		{3CC693FD-4B8B-4B90-A5C0-F93F911F33A1}.Debug|Any CPU.Build.0 = Debug|Any CPU
		{3CC693FD-4B8B-4B90-A5C0-F93F911F33A1}.Release|Any CPU.ActiveCfg = Release|Any CPU
		{3CC693FD-4B8B-4B90-A5C0-F93F911F33A1}.Release|Any CPU.Build.0 = Release|Any CPU
		{E9299BA5-E537-4BA3-A3E9-1DF7435EB274}.Debug|Any CPU.ActiveCfg = Debug|Any CPU
		{E9299BA5-E537-4BA3-A3E9-1DF7435EB274}.Debug|Any CPU.Build.0 = Debug|Any CPU
		{E9299BA5-E537-4BA3-A3E9-1DF7435EB274}.Release|Any CPU.ActiveCfg = Release|Any CPU
		{E9299BA5-E537-4BA3-A3E9-1DF7435EB274}.Release|Any CPU.Build.0 = Release|Any CPU
		{688E6D1E-7D71-402E-B138-1C195D09A0B8}.Debug|Any CPU.ActiveCfg = Debug|Any CPU
		{688E6D1E-7D71-402E-B138-1C195D09A0B8}.Debug|Any CPU.Build.0 = Debug|Any CPU
		{688E6D1E-7D71-402E-B138-1C195D09A0B8}.Release|Any CPU.ActiveCfg = Release|Any CPU
		{688E6D1E-7D71-402E-B138-1C195D09A0B8}.Release|Any CPU.Build.0 = Release|Any CPU
		{1FD1BCC9-CA10-4D19-874A-2C5A05605FD2}.Debug|Any CPU.ActiveCfg = Debug|Any CPU
		{1FD1BCC9-CA10-4D19-874A-2C5A05605FD2}.Debug|Any CPU.Build.0 = Debug|Any CPU
		{1FD1BCC9-CA10-4D19-874A-2C5A05605FD2}.Release|Any CPU.ActiveCfg = Release|Any CPU
		{1FD1BCC9-CA10-4D19-874A-2C5A05605FD2}.Release|Any CPU.Build.0 = Release|Any CPU
	EndGlobalSection
	GlobalSection(SolutionProperties) = preSolution
		HideSolutionNode = FALSE
	EndGlobalSection
	GlobalSection(NestedProjects) = preSolution
		{29DD54AD-FCBE-4913-B29D-48DADFD9C29F} = {0C760E30-1D43-40DB-AAD3-C1BF187A4907}
		{0F641EB0-E33B-4786-AFEF-E76074695B7B} = {0C760E30-1D43-40DB-AAD3-C1BF187A4907}
		{FC35C3CB-B7D7-45DB-8D84-D9FC0327FA72} = {0C760E30-1D43-40DB-AAD3-C1BF187A4907}
		{093A42FE-D900-4238-8CEF-577B6605BF91} = {0C760E30-1D43-40DB-AAD3-C1BF187A4907}
		{09842B60-9D4A-465C-9224-DA4A515FE223} = {0C760E30-1D43-40DB-AAD3-C1BF187A4907}
		{A77181F8-C078-4CCF-A49C-75341EDAC98E} = {0C760E30-1D43-40DB-AAD3-C1BF187A4907}
		{DDF40009-5CC8-4BF9-B84A-51214DDEF8AB} = {0C760E30-1D43-40DB-AAD3-C1BF187A4907}
		{AE534C5C-08B1-402A-A17F-69256308623A} = {0C760E30-1D43-40DB-AAD3-C1BF187A4907}
		{01CAAAA4-1F9C-4736-BA42-F22AE7A66DDF} = {0C760E30-1D43-40DB-AAD3-C1BF187A4907}
		{9436E8C4-59E8-4C4C-B3F7-50DE945C6DCB} = {2A41156E-C6CC-4AFD-B3D3-1D7E5228EE9E}
		{4C53D6B2-6E78-4769-82B9-274F55F25129} = {A4BB9885-A191-44E2-A8F7-6069384AD2ED}
		{FC026093-E13C-4685-9B49-D3A35F43E288} = {A4BB9885-A191-44E2-A8F7-6069384AD2ED}
		{2D848CD1-A3A4-4AA8-93C9-C4E6DDB83E30} = {51A1F1EE-A8DB-4834-A30F-F8E46F5BC4AB}
		{2A41156E-C6CC-4AFD-B3D3-1D7E5228EE9E} = {4F37AC89-17B0-4463-BC9C-1F745B371D10}
		{51A1F1EE-A8DB-4834-A30F-F8E46F5BC4AB} = {4F37AC89-17B0-4463-BC9C-1F745B371D10}
		{A4BB9885-A191-44E2-A8F7-6069384AD2ED} = {4F37AC89-17B0-4463-BC9C-1F745B371D10}
		{7B08506E-00CC-4043-A39C-73E999AA0709} = {4F37AC89-17B0-4463-BC9C-1F745B371D10}
		{3CC693FD-4B8B-4B90-A5C0-F93F911F33A1} = {7B08506E-00CC-4043-A39C-73E999AA0709}
		{13C791A5-A7E7-4882-96F5-364399C1C4F5} = {4F37AC89-17B0-4463-BC9C-1F745B371D10}
		{E9299BA5-E537-4BA3-A3E9-1DF7435EB274} = {13C791A5-A7E7-4882-96F5-364399C1C4F5}
		{688E6D1E-7D71-402E-B138-1C195D09A0B8} = {7B08506E-00CC-4043-A39C-73E999AA0709}
		{1FD1BCC9-CA10-4D19-874A-2C5A05605FD2} = {51A1F1EE-A8DB-4834-A30F-F8E46F5BC4AB}
	EndGlobalSection
	GlobalSection(ExtensibilityGlobals) = postSolution
		SolutionGuid = {2ECE8988-FF48-4185-8C48-543F9AC74BB2}
	EndGlobalSection
EndGlobal
