
Microsoft Visual Studio Solution File, Format Version 12.00
# Visual Studio Version 16
VisualStudioVersion = 16.0.29102.190
MinimumVisualStudioVersion = 10.0.40219.1
Project("{9A19103F-16F7-4668-BE54-9A1E7A4F7556}") = "Pokens.Trainers.Api", "Pokens.Trainers.Api\Pokens.Trainers.Api.csproj", "{9436E8C4-59E8-4C4C-B3F7-50DE945C6DCB}"
EndProject
Project("{9A19103F-16F7-4668-BE54-9A1E7A4F7556}") = "Pokens.Trainers.Domain", "Pokens.Trainers.Domain\Pokens.Trainers.Domain.csproj", "{4C53D6B2-6E78-4769-82B9-274F55F25129}"
EndProject
Project("{9A19103F-16F7-4668-BE54-9A1E7A4F7556}") = "Pokemons.Trainers.Business", "Pokemons.Trainers.Business\Pokemons.Trainers.Business.csproj", "{FC026093-E13C-4685-9B49-D3A35F43E288}"
EndProject
Project("{9A19103F-16F7-4668-BE54-9A1E7A4F7556}") = "Pokens.Trainers.Infrastructure", "Pokens.Trainers.Infrastructure\Pokens.Trainers.Infrastructure.csproj", "{2D848CD1-A3A4-4AA8-93C9-C4E6DDB83E30}"
EndProject
Project("{2150E333-8FDC-42A3-9474-1A3956D46DE8}") = "1. Presentation", "1. Presentation", "{2A41156E-C6CC-4AFD-B3D3-1D7E5228EE9E}"
EndProject
Project("{2150E333-8FDC-42A3-9474-1A3956D46DE8}") = "2. Infrastructure", "2. Infrastructure", "{51A1F1EE-A8DB-4834-A30F-F8E46F5BC4AB}"
EndProject
Project("{2150E333-8FDC-42A3-9474-1A3956D46DE8}") = "3. Core", "3. Core", "{A4BB9885-A191-44E2-A8F7-6069384AD2ED}"
EndProject
Project("{2150E333-8FDC-42A3-9474-1A3956D46DE8}") = "99. Tests", "99. Tests", "{7B08506E-00CC-4043-A39C-73E999AA0709}"
EndProject
Project("{9A19103F-16F7-4668-BE54-9A1E7A4F7556}") = "Pokens.Trainers.Domain.Tests", "Pokens.Trainers.Domain.Tests\Pokens.Trainers.Domain.Tests.csproj", "{3CC693FD-4B8B-4B90-A5C0-F93F911F33A1}"
EndProject
Project("{2150E333-8FDC-42A3-9474-1A3956D46DE8}") = "4. Crosscutting Concerns", "4. Crosscutting Concerns", "{13C791A5-A7E7-4882-96F5-364399C1C4F5}"
EndProject
Project("{9A19103F-16F7-4668-BE54-9A1E7A4F7556}") = "Pokens.Trainers.Common", "Pokens.Trainers.Common\Pokens.Trainers.Common.csproj", "{E9299BA5-E537-4BA3-A3E9-1DF7435EB274}"
EndProject
Project("{9A19103F-16F7-4668-BE54-9A1E7A4F7556}") = "Pokens.Trainers.Business.Tests", "Pokens.Trainers.Business.Tests\Pokens.Trainers.Business.Tests.csproj", "{688E6D1E-7D71-402E-B138-1C195D09A0B8}"
EndProject
Project("{9A19103F-16F7-4668-BE54-9A1E7A4F7556}") = "Pokens.Trainers.Persistence.EntityFramework", "Pokens.Trainers.Persistence.EntityFramework\Pokens.Trainers.Persistence.EntityFramework.csproj", "{1FD1BCC9-CA10-4D19-874A-2C5A05605FD2}"
EndProject
Project("{2150E333-8FDC-42A3-9474-1A3956D46DE8}") = "99. Solution Items", "99. Solution Items", "{B999F129-71BA-455C-904F-46FA63766C66}"
	ProjectSection(SolutionItems) = preProject
		..\NuGet.config = ..\NuGet.config
	EndProjectSection
EndProject
Global
	GlobalSection(SolutionConfigurationPlatforms) = preSolution
		Debug|Any CPU = Debug|Any CPU
		Release|Any CPU = Release|Any CPU
	EndGlobalSection
	GlobalSection(ProjectConfigurationPlatforms) = postSolution
		{9436E8C4-59E8-4C4C-B3F7-50DE945C6DCB}.Debug|Any CPU.ActiveCfg = Debug|Any CPU
		{9436E8C4-59E8-4C4C-B3F7-50DE945C6DCB}.Debug|Any CPU.Build.0 = Debug|Any CPU
		{9436E8C4-59E8-4C4C-B3F7-50DE945C6DCB}.Release|Any CPU.ActiveCfg = Release|Any CPU
		{9436E8C4-59E8-4C4C-B3F7-50DE945C6DCB}.Release|Any CPU.Build.0 = Release|Any CPU
		{4C53D6B2-6E78-4769-82B9-274F55F25129}.Debug|Any CPU.ActiveCfg = Debug|Any CPU
		{4C53D6B2-6E78-4769-82B9-274F55F25129}.Debug|Any CPU.Build.0 = Debug|Any CPU
		{4C53D6B2-6E78-4769-82B9-274F55F25129}.Release|Any CPU.ActiveCfg = Release|Any CPU
		{4C53D6B2-6E78-4769-82B9-274F55F25129}.Release|Any CPU.Build.0 = Release|Any CPU
		{FC026093-E13C-4685-9B49-D3A35F43E288}.Debug|Any CPU.ActiveCfg = Debug|Any CPU
		{FC026093-E13C-4685-9B49-D3A35F43E288}.Debug|Any CPU.Build.0 = Debug|Any CPU
		{FC026093-E13C-4685-9B49-D3A35F43E288}.Release|Any CPU.ActiveCfg = Release|Any CPU
		{FC026093-E13C-4685-9B49-D3A35F43E288}.Release|Any CPU.Build.0 = Release|Any CPU
		{2D848CD1-A3A4-4AA8-93C9-C4E6DDB83E30}.Debug|Any CPU.ActiveCfg = Debug|Any CPU
		{2D848CD1-A3A4-4AA8-93C9-C4E6DDB83E30}.Debug|Any CPU.Build.0 = Debug|Any CPU
		{2D848CD1-A3A4-4AA8-93C9-C4E6DDB83E30}.Release|Any CPU.ActiveCfg = Release|Any CPU
		{2D848CD1-A3A4-4AA8-93C9-C4E6DDB83E30}.Release|Any CPU.Build.0 = Release|Any CPU
		{3CC693FD-4B8B-4B90-A5C0-F93F911F33A1}.Debug|Any CPU.ActiveCfg = Debug|Any CPU
		{3CC693FD-4B8B-4B90-A5C0-F93F911F33A1}.Debug|Any CPU.Build.0 = Debug|Any CPU
		{3CC693FD-4B8B-4B90-A5C0-F93F911F33A1}.Release|Any CPU.ActiveCfg = Release|Any CPU
		{3CC693FD-4B8B-4B90-A5C0-F93F911F33A1}.Release|Any CPU.Build.0 = Release|Any CPU
		{E9299BA5-E537-4BA3-A3E9-1DF7435EB274}.Debug|Any CPU.ActiveCfg = Debug|Any CPU
		{E9299BA5-E537-4BA3-A3E9-1DF7435EB274}.Debug|Any CPU.Build.0 = Debug|Any CPU
		{E9299BA5-E537-4BA3-A3E9-1DF7435EB274}.Release|Any CPU.ActiveCfg = Release|Any CPU
		{E9299BA5-E537-4BA3-A3E9-1DF7435EB274}.Release|Any CPU.Build.0 = Release|Any CPU
		{688E6D1E-7D71-402E-B138-1C195D09A0B8}.Debug|Any CPU.ActiveCfg = Debug|Any CPU
		{688E6D1E-7D71-402E-B138-1C195D09A0B8}.Debug|Any CPU.Build.0 = Debug|Any CPU
		{688E6D1E-7D71-402E-B138-1C195D09A0B8}.Release|Any CPU.ActiveCfg = Release|Any CPU
		{688E6D1E-7D71-402E-B138-1C195D09A0B8}.Release|Any CPU.Build.0 = Release|Any CPU
		{1FD1BCC9-CA10-4D19-874A-2C5A05605FD2}.Debug|Any CPU.ActiveCfg = Debug|Any CPU
		{1FD1BCC9-CA10-4D19-874A-2C5A05605FD2}.Debug|Any CPU.Build.0 = Debug|Any CPU
		{1FD1BCC9-CA10-4D19-874A-2C5A05605FD2}.Release|Any CPU.ActiveCfg = Release|Any CPU
		{1FD1BCC9-CA10-4D19-874A-2C5A05605FD2}.Release|Any CPU.Build.0 = Release|Any CPU
	EndGlobalSection
	GlobalSection(SolutionProperties) = preSolution
		HideSolutionNode = FALSE
	EndGlobalSection
	GlobalSection(NestedProjects) = preSolution
		{9436E8C4-59E8-4C4C-B3F7-50DE945C6DCB} = {2A41156E-C6CC-4AFD-B3D3-1D7E5228EE9E}
		{4C53D6B2-6E78-4769-82B9-274F55F25129} = {A4BB9885-A191-44E2-A8F7-6069384AD2ED}
		{FC026093-E13C-4685-9B49-D3A35F43E288} = {A4BB9885-A191-44E2-A8F7-6069384AD2ED}
		{2D848CD1-A3A4-4AA8-93C9-C4E6DDB83E30} = {51A1F1EE-A8DB-4834-A30F-F8E46F5BC4AB}
		{3CC693FD-4B8B-4B90-A5C0-F93F911F33A1} = {7B08506E-00CC-4043-A39C-73E999AA0709}
		{E9299BA5-E537-4BA3-A3E9-1DF7435EB274} = {13C791A5-A7E7-4882-96F5-364399C1C4F5}
		{688E6D1E-7D71-402E-B138-1C195D09A0B8} = {7B08506E-00CC-4043-A39C-73E999AA0709}
		{1FD1BCC9-CA10-4D19-874A-2C5A05605FD2} = {51A1F1EE-A8DB-4834-A30F-F8E46F5BC4AB}
	EndGlobalSection
	GlobalSection(ExtensibilityGlobals) = postSolution
		SolutionGuid = {2ECE8988-FF48-4185-8C48-543F9AC74BB2}
	EndGlobalSection
EndGlobal
